// !$*UTF8*$!
{
	archiveVersion = 1;
	classes = {
	};
	objectVersion = 77;
	objects = {

/* Begin PBXBuildFile section */
		0AA6EE41417251D7414A3219 /* PianoTranscriptionKit.framework in Embed Frameworks */ = {isa = PBXBuildFile; fileRef = F8343535A5E1F450F9BAC0BD /* PianoTranscriptionKit.framework */; settings = {ATTRIBUTES = (CodeSignOnCopy, RemoveHeadersOnCopy, ); }; };
		0CD1A7357D720991A0F47380 /* Project.swift in Sources */ = {isa = PBXBuildFile; fileRef = 46A2E3B8FFB843F5DD8C1A5C /* Project.swift */; };
		16A54DB32EC6012958FDB38E /* ModelRunner.swift in Sources */ = {isa = PBXBuildFile; fileRef = E8C1AAD330BD843A03C539ED /* ModelRunner.swift */; };
		1A6351E48C401BC94700805E /* MacApp.swift in Sources */ = {isa = PBXBuildFile; fileRef = 0FEC271DF76F786E4F93112B /* MacApp.swift */; };
		1D306EE5EEBA93B5ED6A29EA /* PianoTranscriptionKit.framework in Frameworks */ = {isa = PBXBuildFile; fileRef = F8343535A5E1F450F9BAC0BD /* PianoTranscriptionKit.framework */; };
		1DA879215CF2B9526E807E3C /* ProjectStore.swift in Sources */ = {isa = PBXBuildFile; fileRef = A03794FAD578D8871E8CB557 /* ProjectStore.swift */; };
		280AFBF704A99FBFF1015E3B /* TranscriptionPipeline.swift in Sources */ = {isa = PBXBuildFile; fileRef = B0CCFDA492AF6759692B0C84 /* TranscriptionPipeline.swift */; };
		29D12D2B9374FA55E51F9211 /* AppKit.framework in Frameworks */ = {isa = PBXBuildFile; fileRef = 10DBE0FF07E4AD6D6AC44955 /* AppKit.framework */; };
		2DB6393239CFC063389182FE /* ModelRunnerError.swift in Sources */ = {isa = PBXBuildFile; fileRef = 7D16F4792190CE39232592FD /* ModelRunnerError.swift */; };
		3477B5FD45E1ABD86CCE065E /* PianoTranscriptionKit.framework in Embed Frameworks */ = {isa = PBXBuildFile; fileRef = F8343535A5E1F450F9BAC0BD /* PianoTranscriptionKit.framework */; settings = {ATTRIBUTES = (CodeSignOnCopy, RemoveHeadersOnCopy, ); }; };
		39A1B64B15C8352BB200CC8D /* AudioExtractor.swift in Sources */ = {isa = PBXBuildFile; fileRef = B2769B16D205D590D01C1E65 /* AudioExtractor.swift */; };
		420969BF8DA0A3243017AF3C /* PianoTranscriptionKitTests.swift in Sources */ = {isa = PBXBuildFile; fileRef = 8AA809DE46D3BC5422AB629B /* PianoTranscriptionKitTests.swift */; };
		4DF2EA88C8F50374C88FCB33 /* AppKit.framework in Frameworks */ = {isa = PBXBuildFile; fileRef = 10DBE0FF07E4AD6D6AC44955 /* AppKit.framework */; };
		4FAF2A7EFB71C732D9B5676F /* ProjectDetailView.swift in Sources */ = {isa = PBXBuildFile; fileRef = 3C1D1268B296580DE2CFAFE5 /* ProjectDetailView.swift */; };
		4FD81E34ADFFD1D45210DCA4 /* MIDIExporter.swift in Sources */ = {isa = PBXBuildFile; fileRef = 11D84369C5BDFF5FAA9BE93A /* MIDIExporter.swift */; };
		585BF4791837D1D0B614EBDE /* DefaultPipeline.swift in Sources */ = {isa = PBXBuildFile; fileRef = 9ACE632C2F96D6288563993E /* DefaultPipeline.swift */; };
		5D1B18934A16976B8726197D /* MIDIGenerator.swift in Sources */ = {isa = PBXBuildFile; fileRef = B2B32F80300D5D1D505257B4 /* MIDIGenerator.swift */; };
		6D13B4805CE24174FEF3E9BB /* CoreMIDI.framework in Frameworks */ = {isa = PBXBuildFile; fileRef = BBE25FA22068CC04E9A355F3 /* CoreMIDI.framework */; };
		6FD5A2C582E5AFF2D72D0518 /* RunStatusPanelView.swift in Sources */ = {isa = PBXBuildFile; fileRef = B41E07A44C71E7AD5035F4DE /* RunStatusPanelView.swift */; };
		76979D4F7093B58D6759F6C8 /* ProjectListView.swift in Sources */ = {isa = PBXBuildFile; fileRef = 1618359F488F0320660EE95A /* ProjectListView.swift */; };
		8E678C47A9B2C0BD5D45FE63 /* PianoRollView.swift in Sources */ = {isa = PBXBuildFile; fileRef = 73A14497900952B360DE57E2 /* PianoRollView.swift */; };
		941F2CCD803FC371B5882646 /* ContentView.swift in Sources */ = {isa = PBXBuildFile; fileRef = 6875D8062E0644A2D438D1CA /* ContentView.swift */; };
		A58792769D9BA874E49ED20A /* AVFoundation.framework in Frameworks */ = {isa = PBXBuildFile; fileRef = 2B305107636F0C91BC23EFFF /* AVFoundation.framework */; };
		ABBB5D255955F1CFA8BF9C33 /* PipelineDiagnostics.swift in Sources */ = {isa = PBXBuildFile; fileRef = 47834685C83F1B4629C32E43 /* PipelineDiagnostics.swift */; };
		B1F5F462EA7A0F6330ADDA1E /* WaveformView.swift in Sources */ = {isa = PBXBuildFile; fileRef = 0522CBA5E1FA62596E0A2FD0 /* WaveformView.swift */; };
		BA9F769A56D0F10D3D50FECA /* RunListView.swift in Sources */ = {isa = PBXBuildFile; fileRef = B0F32F154F36AF57C9E08A4B /* RunListView.swift */; };
		C89E14603D752745B968C901 /* ProjectViewModel.swift in Sources */ = {isa = PBXBuildFile; fileRef = E9837AB74A3915AD7EF18D74 /* ProjectViewModel.swift */; };
		C90AF3969D535BE616D50D1B /* PlaybackViewModel.swift in Sources */ = {isa = PBXBuildFile; fileRef = 808606F873A9278AA2CBCEA3 /* PlaybackViewModel.swift */; };
		DF5A25672758709A911B8CC0 /* PlaybackControlsView.swift in Sources */ = {isa = PBXBuildFile; fileRef = 4B31AEFB259E2FF640F78824 /* PlaybackControlsView.swift */; };
		E338A71233B42AB6849051D9 /* BasicPianoModelRunner.swift in Sources */ = {isa = PBXBuildFile; fileRef = 42584DD00929600CDE2E9CCB /* BasicPianoModelRunner.swift */; };
		E4CDC6996A7C0BD3AE5D941A /* PianoTranscriptionKit.framework in Frameworks */ = {isa = PBXBuildFile; fileRef = F8343535A5E1F450F9BAC0BD /* PianoTranscriptionKit.framework */; };
		E604C69FF61336F2979EAABD /* AppViewModel.swift in Sources */ = {isa = PBXBuildFile; fileRef = 63C546180458643DE04982AB /* AppViewModel.swift */; };
		E6501DCE442D1E4D0FBFCCDD /* MockModelRunner.swift in Sources */ = {isa = PBXBuildFile; fileRef = 671CF51FA05D7B80055A2D00 /* MockModelRunner.swift */; };
		EA59B553EC1C42654A850913 /* Accelerate.framework in Frameworks */ = {isa = PBXBuildFile; fileRef = 335F751532782C9935536369 /* Accelerate.framework */; };
		EFA5C873131FCD94601B0D44 /* DiagnosticsReport.swift in Sources */ = {isa = PBXBuildFile; fileRef = 30485386E85A65B662F445AC /* DiagnosticsReport.swift */; };
		F6888F29C0EC85646CFF5CA9 /* AVFoundation.framework in Frameworks */ = {isa = PBXBuildFile; fileRef = 2B305107636F0C91BC23EFFF /* AVFoundation.framework */; };
		F86C5C409ECE95866965B8E1 /* MIDINote.swift in Sources */ = {isa = PBXBuildFile; fileRef = 017294CACE9ED6946532BD15 /* MIDINote.swift */; };
		F97CE4259B5EBF5CF95E75F2 /* TranscriptionRun.swift in Sources */ = {isa = PBXBuildFile; fileRef = 118E25986394A2C951F40B1B /* TranscriptionRun.swift */; };
/* End PBXBuildFile section */

/* Begin PBXContainerItemProxy section */
		9024952E6752CEFBCD43FBE3 /* PBXContainerItemProxy */ = {
			isa = PBXContainerItemProxy;
			containerPortal = 980AB4412E6C5C2DCFCE05F4 /* Project object */;
			proxyType = 1;
			remoteGlobalIDString = D2F0437CBA14577AB76A0B51;
			remoteInfo = PianoTranscriptionKit;
		};
		CC63210734836A8F2EBB06CE /* PBXContainerItemProxy */ = {
			isa = PBXContainerItemProxy;
			containerPortal = 980AB4412E6C5C2DCFCE05F4 /* Project object */;
			proxyType = 1;
			remoteGlobalIDString = D2F0437CBA14577AB76A0B51;
			remoteInfo = PianoTranscriptionKit;
		};
/* End PBXContainerItemProxy section */

/* Begin PBXCopyFilesBuildPhase section */
		B992D0F7CCE7CF7EEC252ADF /* Embed Frameworks */ = {
			isa = PBXCopyFilesBuildPhase;
			buildActionMask = 2147483647;
			dstPath = "";
			dstSubfolderSpec = 10;
			files = (
				3477B5FD45E1ABD86CCE065E /* PianoTranscriptionKit.framework in Embed Frameworks */,
			);
			name = "Embed Frameworks";
			runOnlyForDeploymentPostprocessing = 0;
		};
		C5EE31EBF0A0644E24009FD3 /* Embed Frameworks */ = {
			isa = PBXCopyFilesBuildPhase;
			buildActionMask = 2147483647;
			dstPath = "";
			dstSubfolderSpec = 10;
			files = (
				0AA6EE41417251D7414A3219 /* PianoTranscriptionKit.framework in Embed Frameworks */,
			);
			name = "Embed Frameworks";
			runOnlyForDeploymentPostprocessing = 0;
		};
/* End PBXCopyFilesBuildPhase section */

/* Begin PBXFileReference section */
		017294CACE9ED6946532BD15 /* MIDINote.swift */ = {isa = PBXFileReference; lastKnownFileType = sourcecode.swift; path = MIDINote.swift; sourceTree = "<group>"; };
		0522CBA5E1FA62596E0A2FD0 /* WaveformView.swift */ = {isa = PBXFileReference; lastKnownFileType = sourcecode.swift; path = WaveformView.swift; sourceTree = "<group>"; };
		0FEC271DF76F786E4F93112B /* MacApp.swift */ = {isa = PBXFileReference; lastKnownFileType = sourcecode.swift; path = MacApp.swift; sourceTree = "<group>"; };
		10DBE0FF07E4AD6D6AC44955 /* AppKit.framework */ = {isa = PBXFileReference; lastKnownFileType = wrapper.framework; name = AppKit.framework; path = System/Library/Frameworks/AppKit.framework; sourceTree = SDKROOT; };
		111CB548EBE282CD5F6C9585 /* PianoTranscriptionKitTests.xctest */ = {isa = PBXFileReference; explicitFileType = wrapper.cfbundle; includeInIndex = 0; path = PianoTranscriptionKitTests.xctest; sourceTree = BUILT_PRODUCTS_DIR; };
		118E25986394A2C951F40B1B /* TranscriptionRun.swift */ = {isa = PBXFileReference; lastKnownFileType = sourcecode.swift; path = TranscriptionRun.swift; sourceTree = "<group>"; };
		11D84369C5BDFF5FAA9BE93A /* MIDIExporter.swift */ = {isa = PBXFileReference; lastKnownFileType = sourcecode.swift; path = MIDIExporter.swift; sourceTree = "<group>"; };
		1618359F488F0320660EE95A /* ProjectListView.swift */ = {isa = PBXFileReference; lastKnownFileType = sourcecode.swift; path = ProjectListView.swift; sourceTree = "<group>"; };
		2B305107636F0C91BC23EFFF /* AVFoundation.framework */ = {isa = PBXFileReference; lastKnownFileType = wrapper.framework; name = AVFoundation.framework; path = System/Library/Frameworks/AVFoundation.framework; sourceTree = SDKROOT; };
		30485386E85A65B662F445AC /* DiagnosticsReport.swift */ = {isa = PBXFileReference; lastKnownFileType = sourcecode.swift; path = DiagnosticsReport.swift; sourceTree = "<group>"; };
		335F751532782C9935536369 /* Accelerate.framework */ = {isa = PBXFileReference; lastKnownFileType = wrapper.framework; name = Accelerate.framework; path = System/Library/Frameworks/Accelerate.framework; sourceTree = SDKROOT; };
		3C1D1268B296580DE2CFAFE5 /* ProjectDetailView.swift */ = {isa = PBXFileReference; lastKnownFileType = sourcecode.swift; path = ProjectDetailView.swift; sourceTree = "<group>"; };
		42584DD00929600CDE2E9CCB /* BasicPianoModelRunner.swift */ = {isa = PBXFileReference; lastKnownFileType = sourcecode.swift; path = BasicPianoModelRunner.swift; sourceTree = "<group>"; };
		46A2E3B8FFB843F5DD8C1A5C /* Project.swift */ = {isa = PBXFileReference; lastKnownFileType = sourcecode.swift; path = Project.swift; sourceTree = "<group>"; };
		47834685C83F1B4629C32E43 /* PipelineDiagnostics.swift */ = {isa = PBXFileReference; lastKnownFileType = sourcecode.swift; path = PipelineDiagnostics.swift; sourceTree = "<group>"; };
		4B31AEFB259E2FF640F78824 /* PlaybackControlsView.swift */ = {isa = PBXFileReference; lastKnownFileType = sourcecode.swift; path = PlaybackControlsView.swift; sourceTree = "<group>"; };
		63C546180458643DE04982AB /* AppViewModel.swift */ = {isa = PBXFileReference; lastKnownFileType = sourcecode.swift; path = AppViewModel.swift; sourceTree = "<group>"; };
		671CF51FA05D7B80055A2D00 /* MockModelRunner.swift */ = {isa = PBXFileReference; lastKnownFileType = sourcecode.swift; path = MockModelRunner.swift; sourceTree = "<group>"; };
		6875D8062E0644A2D438D1CA /* ContentView.swift */ = {isa = PBXFileReference; lastKnownFileType = sourcecode.swift; path = ContentView.swift; sourceTree = "<group>"; };
		73A14497900952B360DE57E2 /* PianoRollView.swift */ = {isa = PBXFileReference; lastKnownFileType = sourcecode.swift; path = PianoRollView.swift; sourceTree = "<group>"; };
		7BAAD2D34B9F6CE1D89E5451 /* MacApp.app */ = {isa = PBXFileReference; explicitFileType = wrapper.application; includeInIndex = 0; path = MacApp.app; sourceTree = BUILT_PRODUCTS_DIR; };
		7D16F4792190CE39232592FD /* ModelRunnerError.swift */ = {isa = PBXFileReference; lastKnownFileType = sourcecode.swift; path = ModelRunnerError.swift; sourceTree = "<group>"; };
		808606F873A9278AA2CBCEA3 /* PlaybackViewModel.swift */ = {isa = PBXFileReference; lastKnownFileType = sourcecode.swift; path = PlaybackViewModel.swift; sourceTree = "<group>"; };
		8AA809DE46D3BC5422AB629B /* PianoTranscriptionKitTests.swift */ = {isa = PBXFileReference; lastKnownFileType = sourcecode.swift; path = PianoTranscriptionKitTests.swift; sourceTree = "<group>"; };
		9ACE632C2F96D6288563993E /* DefaultPipeline.swift */ = {isa = PBXFileReference; lastKnownFileType = sourcecode.swift; path = DefaultPipeline.swift; sourceTree = "<group>"; };
		A03794FAD578D8871E8CB557 /* ProjectStore.swift */ = {isa = PBXFileReference; lastKnownFileType = sourcecode.swift; path = ProjectStore.swift; sourceTree = "<group>"; };
		B0CCFDA492AF6759692B0C84 /* TranscriptionPipeline.swift */ = {isa = PBXFileReference; lastKnownFileType = sourcecode.swift; path = TranscriptionPipeline.swift; sourceTree = "<group>"; };
		B0F32F154F36AF57C9E08A4B /* RunListView.swift */ = {isa = PBXFileReference; lastKnownFileType = sourcecode.swift; path = RunListView.swift; sourceTree = "<group>"; };
		B2769B16D205D590D01C1E65 /* AudioExtractor.swift */ = {isa = PBXFileReference; lastKnownFileType = sourcecode.swift; path = AudioExtractor.swift; sourceTree = "<group>"; };
		B2B32F80300D5D1D505257B4 /* MIDIGenerator.swift */ = {isa = PBXFileReference; lastKnownFileType = sourcecode.swift; path = MIDIGenerator.swift; sourceTree = "<group>"; };
		B41E07A44C71E7AD5035F4DE /* RunStatusPanelView.swift */ = {isa = PBXFileReference; lastKnownFileType = sourcecode.swift; path = RunStatusPanelView.swift; sourceTree = "<group>"; };
		BBE25FA22068CC04E9A355F3 /* CoreMIDI.framework */ = {isa = PBXFileReference; lastKnownFileType = wrapper.framework; name = CoreMIDI.framework; path = System/Library/Frameworks/CoreMIDI.framework; sourceTree = SDKROOT; };
		E8C1AAD330BD843A03C539ED /* ModelRunner.swift */ = {isa = PBXFileReference; lastKnownFileType = sourcecode.swift; path = ModelRunner.swift; sourceTree = "<group>"; };
		E9837AB74A3915AD7EF18D74 /* ProjectViewModel.swift */ = {isa = PBXFileReference; lastKnownFileType = sourcecode.swift; path = ProjectViewModel.swift; sourceTree = "<group>"; };
		F8343535A5E1F450F9BAC0BD /* PianoTranscriptionKit.framework */ = {isa = PBXFileReference; explicitFileType = wrapper.framework; includeInIndex = 0; path = PianoTranscriptionKit.framework; sourceTree = BUILT_PRODUCTS_DIR; };
/* End PBXFileReference section */

/* Begin PBXFrameworksBuildPhase section */
		0937A0AC58D5170F70215A1F /* Frameworks */ = {
			isa = PBXFrameworksBuildPhase;
			buildActionMask = 2147483647;
			files = (
				E4CDC6996A7C0BD3AE5D941A /* PianoTranscriptionKit.framework in Frameworks */,
			);
			runOnlyForDeploymentPostprocessing = 0;
		};
		91905225B7B8D3B0B0668C5A /* Frameworks */ = {
			isa = PBXFrameworksBuildPhase;
			buildActionMask = 2147483647;
			files = (
				F6888F29C0EC85646CFF5CA9 /* AVFoundation.framework in Frameworks */,
				EA59B553EC1C42654A850913 /* Accelerate.framework in Frameworks */,
				6D13B4805CE24174FEF3E9BB /* CoreMIDI.framework in Frameworks */,
				4DF2EA88C8F50374C88FCB33 /* AppKit.framework in Frameworks */,
			);
			runOnlyForDeploymentPostprocessing = 0;
		};
		963F8CCCB66A9A6E2C8194BB /* Frameworks */ = {
			isa = PBXFrameworksBuildPhase;
			buildActionMask = 2147483647;
			files = (
				1D306EE5EEBA93B5ED6A29EA /* PianoTranscriptionKit.framework in Frameworks */,
				A58792769D9BA874E49ED20A /* AVFoundation.framework in Frameworks */,
				29D12D2B9374FA55E51F9211 /* AppKit.framework in Frameworks */,
			);
			runOnlyForDeploymentPostprocessing = 0;
		};
/* End PBXFrameworksBuildPhase section */

/* Begin PBXGroup section */
		0CD598F22D218EAE44B6737F /* Views */ = {
			isa = PBXGroup;
			children = (
				6875D8062E0644A2D438D1CA /* ContentView.swift */,
				73A14497900952B360DE57E2 /* PianoRollView.swift */,
				4B31AEFB259E2FF640F78824 /* PlaybackControlsView.swift */,
				3C1D1268B296580DE2CFAFE5 /* ProjectDetailView.swift */,
				1618359F488F0320660EE95A /* ProjectListView.swift */,
				B0F32F154F36AF57C9E08A4B /* RunListView.swift */,
				B41E07A44C71E7AD5035F4DE /* RunStatusPanelView.swift */,
				0522CBA5E1FA62596E0A2FD0 /* WaveformView.swift */,
			);
			path = Views;
			sourceTree = "<group>";
		};
		0F1857316A181646FCC800B1 /* AudioProcessing */ = {
			isa = PBXGroup;
			children = (
				B2769B16D205D590D01C1E65 /* AudioExtractor.swift */,
			);
			path = AudioProcessing;
			sourceTree = "<group>";
		};
		1C6F006182C29024F6EF85B0 /* PianoTranscriptionKit */ = {
			isa = PBXGroup;
			children = (
				0F1857316A181646FCC800B1 /* AudioProcessing */,
				C6EC20403DC3F6039B5D18F5 /* Diagnostics */,
				45F50145E7F21CBFB125752C /* MIDI */,
				9D343D73ACCC0EA9C6535B8A /* ModelRuntime */,
				EB57FDA50E8AC5B694DA2676 /* Models */,
				8B78CBC34FCE54E505A10730 /* Pipeline */,
				E330A0BEB15A852A7A7C187A /* Storage */,
			);
			path = PianoTranscriptionKit;
			sourceTree = "<group>";
		};
		23ED6DFB9AFC60514270EBEE /* PianoTranscriptionKitTests */ = {
			isa = PBXGroup;
			children = (
				8AA809DE46D3BC5422AB629B /* PianoTranscriptionKitTests.swift */,
			);
			path = PianoTranscriptionKitTests;
			sourceTree = "<group>";
		};
		44D4D54C1A286BC85376FE86 /* ViewModels */ = {
			isa = PBXGroup;
			children = (
				63C546180458643DE04982AB /* AppViewModel.swift */,
				808606F873A9278AA2CBCEA3 /* PlaybackViewModel.swift */,
				E9837AB74A3915AD7EF18D74 /* ProjectViewModel.swift */,
			);
			path = ViewModels;
			sourceTree = "<group>";
		};
		45F50145E7F21CBFB125752C /* MIDI */ = {
			isa = PBXGroup;
			children = (
				11D84369C5BDFF5FAA9BE93A /* MIDIExporter.swift */,
				B2B32F80300D5D1D505257B4 /* MIDIGenerator.swift */,
			);
			path = MIDI;
			sourceTree = "<group>";
		};
		817D8F15D83EBEE483914FA0 /* Sources */ = {
			isa = PBXGroup;
			children = (
				EFEB645986FDC6969C2A6EEB /* MacApp */,
				1C6F006182C29024F6EF85B0 /* PianoTranscriptionKit */,
			);
			path = Sources;
			sourceTree = "<group>";
		};
		8751FDA6B5C130A6720CF5CD /* Frameworks */ = {
			isa = PBXGroup;
			children = (
				335F751532782C9935536369 /* Accelerate.framework */,
				10DBE0FF07E4AD6D6AC44955 /* AppKit.framework */,
				2B305107636F0C91BC23EFFF /* AVFoundation.framework */,
				BBE25FA22068CC04E9A355F3 /* CoreMIDI.framework */,
			);
			name = Frameworks;
			sourceTree = "<group>";
		};
		8B78CBC34FCE54E505A10730 /* Pipeline */ = {
			isa = PBXGroup;
			children = (
				9ACE632C2F96D6288563993E /* DefaultPipeline.swift */,
				B0CCFDA492AF6759692B0C84 /* TranscriptionPipeline.swift */,
			);
			path = Pipeline;
			sourceTree = "<group>";
		};
		9D343D73ACCC0EA9C6535B8A /* ModelRuntime */ = {
			isa = PBXGroup;
			children = (
				42584DD00929600CDE2E9CCB /* BasicPianoModelRunner.swift */,
				671CF51FA05D7B80055A2D00 /* MockModelRunner.swift */,
				E8C1AAD330BD843A03C539ED /* ModelRunner.swift */,
				7D16F4792190CE39232592FD /* ModelRunnerError.swift */,
			);
			path = ModelRuntime;
			sourceTree = "<group>";
		};
		B437B23B7A17AE7A1FC18C2C /* Products */ = {
			isa = PBXGroup;
			children = (
				7BAAD2D34B9F6CE1D89E5451 /* MacApp.app */,
				F8343535A5E1F450F9BAC0BD /* PianoTranscriptionKit.framework */,
				111CB548EBE282CD5F6C9585 /* PianoTranscriptionKitTests.xctest */,
			);
			name = Products;
			sourceTree = "<group>";
		};
		C6EC20403DC3F6039B5D18F5 /* Diagnostics */ = {
			isa = PBXGroup;
			children = (
				30485386E85A65B662F445AC /* DiagnosticsReport.swift */,
				47834685C83F1B4629C32E43 /* PipelineDiagnostics.swift */,
			);
			path = Diagnostics;
			sourceTree = "<group>";
		};
		DE7F1B89AE1712833A6A3304 = {
			isa = PBXGroup;
			children = (
				817D8F15D83EBEE483914FA0 /* Sources */,
				F6AC35FDC9F943646E51B871 /* Tests */,
				8751FDA6B5C130A6720CF5CD /* Frameworks */,
				B437B23B7A17AE7A1FC18C2C /* Products */,
			);
			indentWidth = 4;
			sourceTree = "<group>";
			tabWidth = 4;
			usesTabs = 0;
		};
		E330A0BEB15A852A7A7C187A /* Storage */ = {
			isa = PBXGroup;
			children = (
				A03794FAD578D8871E8CB557 /* ProjectStore.swift */,
			);
			path = Storage;
			sourceTree = "<group>";
		};
		EB57FDA50E8AC5B694DA2676 /* Models */ = {
			isa = PBXGroup;
			children = (
				017294CACE9ED6946532BD15 /* MIDINote.swift */,
				46A2E3B8FFB843F5DD8C1A5C /* Project.swift */,
				118E25986394A2C951F40B1B /* TranscriptionRun.swift */,
			);
			path = Models;
			sourceTree = "<group>";
		};
		EFEB645986FDC6969C2A6EEB /* MacApp */ = {
			isa = PBXGroup;
			children = (
				0FEC271DF76F786E4F93112B /* MacApp.swift */,
				44D4D54C1A286BC85376FE86 /* ViewModels */,
				0CD598F22D218EAE44B6737F /* Views */,
			);
			path = MacApp;
			sourceTree = "<group>";
		};
		F6AC35FDC9F943646E51B871 /* Tests */ = {
			isa = PBXGroup;
			children = (
				23ED6DFB9AFC60514270EBEE /* PianoTranscriptionKitTests */,
			);
			path = Tests;
			sourceTree = "<group>";
		};
/* End PBXGroup section */

/* Begin PBXNativeTarget section */
		00DFFEB50D6BEC84700FF645 /* PianoTranscriptionKitTests */ = {
			isa = PBXNativeTarget;
			buildConfigurationList = 77C841901DE8581B9BD904DE /* Build configuration list for PBXNativeTarget "PianoTranscriptionKitTests" */;
			buildPhases = (
				1C54410E991800DBE1783974 /* Sources */,
				0937A0AC58D5170F70215A1F /* Frameworks */,
				B992D0F7CCE7CF7EEC252ADF /* Embed Frameworks */,
			);
			buildRules = (
			);
			dependencies = (
				94F4FDAAC3548A73C5070F9B /* PBXTargetDependency */,
			);
			name = PianoTranscriptionKitTests;
			packageProductDependencies = (
			);
			productName = PianoTranscriptionKitTests;
			productReference = 111CB548EBE282CD5F6C9585 /* PianoTranscriptionKitTests.xctest */;
			productType = "com.apple.product-type.bundle.unit-test";
		};
		D2F0437CBA14577AB76A0B51 /* PianoTranscriptionKit */ = {
			isa = PBXNativeTarget;
			buildConfigurationList = 4B5ABA60830D55C65E96E9D1 /* Build configuration list for PBXNativeTarget "PianoTranscriptionKit" */;
			buildPhases = (
				4632D4E157F07400706AA38D /* Sources */,
				91905225B7B8D3B0B0668C5A /* Frameworks */,
			);
			buildRules = (
			);
			dependencies = (
			);
			name = PianoTranscriptionKit;
			packageProductDependencies = (
			);
			productName = PianoTranscriptionKit;
			productReference = F8343535A5E1F450F9BAC0BD /* PianoTranscriptionKit.framework */;
			productType = "com.apple.product-type.framework";
		};
		EF14CF8D906E6FC09C2611F4 /* MacApp */ = {
			isa = PBXNativeTarget;
			buildConfigurationList = E441D4F1D9B5FFB41E2A8383 /* Build configuration list for PBXNativeTarget "MacApp" */;
			buildPhases = (
				4C939D8B88E9CF32DE488630 /* Sources */,
				963F8CCCB66A9A6E2C8194BB /* Frameworks */,
				C5EE31EBF0A0644E24009FD3 /* Embed Frameworks */,
			);
			buildRules = (
			);
			dependencies = (
				A799CC23A5B1EF2A66E69E3B /* PBXTargetDependency */,
			);
			name = MacApp;
			packageProductDependencies = (
			);
			productName = MacApp;
			productReference = 7BAAD2D34B9F6CE1D89E5451 /* MacApp.app */;
			productType = "com.apple.product-type.application";
		};
/* End PBXNativeTarget section */

/* Begin PBXProject section */
		980AB4412E6C5C2DCFCE05F4 /* Project object */ = {
			isa = PBXProject;
			attributes = {
				BuildIndependentTargetsInParallel = YES;
				LastUpgradeCheck = 1430;
				TargetAttributes = {
					EF14CF8D906E6FC09C2611F4 = {
						DevelopmentTeam = "";
						ProvisioningStyle = Automatic;
					};
				};
			};
			buildConfigurationList = 14A1333CA161D25939745DF7 /* Build configuration list for PBXProject "PianoTrainer" */;
			developmentRegion = en;
			hasScannedForEncodings = 0;
			knownRegions = (
				Base,
				en,
			);
			mainGroup = DE7F1B89AE1712833A6A3304;
			minimizedProjectReferenceProxies = 1;
			preferredProjectObjectVersion = 77;
			productRefGroup = B437B23B7A17AE7A1FC18C2C /* Products */;
			projectDirPath = "";
			projectRoot = "";
			targets = (
				EF14CF8D906E6FC09C2611F4 /* MacApp */,
				D2F0437CBA14577AB76A0B51 /* PianoTranscriptionKit */,
				00DFFEB50D6BEC84700FF645 /* PianoTranscriptionKitTests */,
			);
		};
/* End PBXProject section */

/* Begin PBXSourcesBuildPhase section */
		1C54410E991800DBE1783974 /* Sources */ = {
			isa = PBXSourcesBuildPhase;
			buildActionMask = 2147483647;
			files = (
				420969BF8DA0A3243017AF3C /* PianoTranscriptionKitTests.swift in Sources */,
			);
			runOnlyForDeploymentPostprocessing = 0;
		};
		4632D4E157F07400706AA38D /* Sources */ = {
			isa = PBXSourcesBuildPhase;
			buildActionMask = 2147483647;
			files = (
				39A1B64B15C8352BB200CC8D /* AudioExtractor.swift in Sources */,
				E338A71233B42AB6849051D9 /* BasicPianoModelRunner.swift in Sources */,
				585BF4791837D1D0B614EBDE /* DefaultPipeline.swift in Sources */,
				EFA5C873131FCD94601B0D44 /* DiagnosticsReport.swift in Sources */,
				4FD81E34ADFFD1D45210DCA4 /* MIDIExporter.swift in Sources */,
				5D1B18934A16976B8726197D /* MIDIGenerator.swift in Sources */,
				F86C5C409ECE95866965B8E1 /* MIDINote.swift in Sources */,
				E6501DCE442D1E4D0FBFCCDD /* MockModelRunner.swift in Sources */,
				16A54DB32EC6012958FDB38E /* ModelRunner.swift in Sources */,
				2DB6393239CFC063389182FE /* ModelRunnerError.swift in Sources */,
				ABBB5D255955F1CFA8BF9C33 /* PipelineDiagnostics.swift in Sources */,
				0CD1A7357D720991A0F47380 /* Project.swift in Sources */,
				1DA879215CF2B9526E807E3C /* ProjectStore.swift in Sources */,
				280AFBF704A99FBFF1015E3B /* TranscriptionPipeline.swift in Sources */,
				F97CE4259B5EBF5CF95E75F2 /* TranscriptionRun.swift in Sources */,
			);
			runOnlyForDeploymentPostprocessing = 0;
		};
		4C939D8B88E9CF32DE488630 /* Sources */ = {
			isa = PBXSourcesBuildPhase;
			buildActionMask = 2147483647;
			files = (
				E604C69FF61336F2979EAABD /* AppViewModel.swift in Sources */,
				941F2CCD803FC371B5882646 /* ContentView.swift in Sources */,
				1A6351E48C401BC94700805E /* MacApp.swift in Sources */,
				8E678C47A9B2C0BD5D45FE63 /* PianoRollView.swift in Sources */,
				DF5A25672758709A911B8CC0 /* PlaybackControlsView.swift in Sources */,
				C90AF3969D535BE616D50D1B /* PlaybackViewModel.swift in Sources */,
				4FAF2A7EFB71C732D9B5676F /* ProjectDetailView.swift in Sources */,
				76979D4F7093B58D6759F6C8 /* ProjectListView.swift in Sources */,
				C89E14603D752745B968C901 /* ProjectViewModel.swift in Sources */,
				BA9F769A56D0F10D3D50FECA /* RunListView.swift in Sources */,
				6FD5A2C582E5AFF2D72D0518 /* RunStatusPanelView.swift in Sources */,
				B1F5F462EA7A0F6330ADDA1E /* WaveformView.swift in Sources */,
			);
			runOnlyForDeploymentPostprocessing = 0;
		};
/* End PBXSourcesBuildPhase section */

/* Begin PBXTargetDependency section */
		94F4FDAAC3548A73C5070F9B /* PBXTargetDependency */ = {
			isa = PBXTargetDependency;
			target = D2F0437CBA14577AB76A0B51 /* PianoTranscriptionKit */;
			targetProxy = 9024952E6752CEFBCD43FBE3 /* PBXContainerItemProxy */;
		};
		A799CC23A5B1EF2A66E69E3B /* PBXTargetDependency */ = {
			isa = PBXTargetDependency;
			target = D2F0437CBA14577AB76A0B51 /* PianoTranscriptionKit */;
			targetProxy = CC63210734836A8F2EBB06CE /* PBXContainerItemProxy */;
		};
/* End PBXTargetDependency section */

/* Begin XCBuildConfiguration section */
		1A358CEF481AAD70343717F5 /* Debug */ = {
			isa = XCBuildConfiguration;
			buildSettings = {
				CODE_SIGN_IDENTITY = "-";
				DEFINES_MODULE = YES;
				INSTALL_PATH = "@rpath";
				LD_RUNPATH_SEARCH_PATHS = "$(inherited) @executable_path/../Frameworks";
				PRODUCT_BUNDLE_IDENTIFIER = com.pianotrainer.PianoTranscriptionKit;
				PRODUCT_MODULE_NAME = PianoTranscriptionKit;
			};
			name = Debug;
		};
		1FC400D7D1AAF6DC8B0AB9F2 /* Release */ = {
			isa = XCBuildConfiguration;
			buildSettings = {
				CODE_SIGN_IDENTITY = "-";
				DEFINES_MODULE = YES;
				INSTALL_PATH = "@rpath";
				LD_RUNPATH_SEARCH_PATHS = "$(inherited) @executable_path/../Frameworks";
				PRODUCT_BUNDLE_IDENTIFIER = com.pianotrainer.PianoTranscriptionKit;
				PRODUCT_MODULE_NAME = PianoTranscriptionKit;
			};
			name = Release;
		};
		35215E949FAB3061C41F5095 /* Debug */ = {
			isa = XCBuildConfiguration;
			buildSettings = {
				PRODUCT_BUNDLE_IDENTIFIER = com.pianotrainer.tests;
			};
			name = Debug;
		};
		4366605886270C2B88BED28D /* Debug */ = {
			isa = XCBuildConfiguration;
			buildSettings = {
				ASSETCATALOG_COMPILER_APPICON_NAME = AppIcon;
				CODE_SIGN_ENTITLEMENTS = Resources/MacApp.entitlements;
				CODE_SIGN_IDENTITY = "-";
				CODE_SIGN_STYLE = Automatic;
				DEVELOPMENT_TEAM = "";
				INFOPLIST_FILE = Resources/Info.plist;
				LD_RUNPATH_SEARCH_PATHS = "$(inherited) @executable_path/../Frameworks";
				PRODUCT_BUNDLE_IDENTIFIER = com.pianotrainer.app;
				PRODUCT_NAME = "Piano Trainer";
			};
			name = Debug;
		};
		6D229BF1C83A3842636387CD /* Debug */ = {
			isa = XCBuildConfiguration;
			buildSettings = {
				DEBUG_INFORMATION_FORMAT = dwarf;
				ENABLE_HARDENED_RUNTIME = YES;
				MACOSX_DEPLOYMENT_TARGET = 13.0;
				SDKROOT = macosx;
				SWIFT_OPTIMIZATION_LEVEL = "-Onone";
				SWIFT_STRICT_CONCURRENCY = minimal;
				SWIFT_VERSION = 5.9;
			};
			name = Debug;
		};
		A351B5CEA319E0F937528E04 /* Release */ = {
			isa = XCBuildConfiguration;
			buildSettings = {
				DEBUG_INFORMATION_FORMAT = "dwarf-with-dsym";
				ENABLE_HARDENED_RUNTIME = YES;
				MACOSX_DEPLOYMENT_TARGET = 13.0;
				SDKROOT = macosx;
				SWIFT_OPTIMIZATION_LEVEL = "-O";
				SWIFT_STRICT_CONCURRENCY = minimal;
				SWIFT_VERSION = 5.9;
			};
			name = Release;
		};
		B80879888343A09814C8C0CE /* Release */ = {
			isa = XCBuildConfiguration;
			buildSettings = {
				ASSETCATALOG_COMPILER_APPICON_NAME = AppIcon;
				CODE_SIGN_ENTITLEMENTS = Resources/MacApp.entitlements;
				CODE_SIGN_IDENTITY = "-";
				CODE_SIGN_STYLE = Automatic;
				DEVELOPMENT_TEAM = "";
				INFOPLIST_FILE = Resources/Info.plist;
				LD_RUNPATH_SEARCH_PATHS = "$(inherited) @executable_path/../Frameworks";
				PRODUCT_BUNDLE_IDENTIFIER = com.pianotrainer.app;
				PRODUCT_NAME = "Piano Trainer";
			};
			name = Release;
		};
		E00C4233C819F1FBB1CCCBCE /* Release */ = {
			isa = XCBuildConfiguration;
			buildSettings = {
				PRODUCT_BUNDLE_IDENTIFIER = com.pianotrainer.tests;
			};
			name = Release;
		};
/* End XCBuildConfiguration section */

/* Begin XCConfigurationList section */
		14A1333CA161D25939745DF7 /* Build configuration list for PBXProject "PianoTrainer" */ = {
			isa = XCConfigurationList;
			buildConfigurations = (
				6D229BF1C83A3842636387CD /* Debug */,
				A351B5CEA319E0F937528E04 /* Release */,
			);
			defaultConfigurationIsVisible = 0;
			defaultConfigurationName = Debug;
		};
		4B5ABA60830D55C65E96E9D1 /* Build configuration list for PBXNativeTarget "PianoTranscriptionKit" */ = {
			isa = XCConfigurationList;
			buildConfigurations = (
				1A358CEF481AAD70343717F5 /* Debug */,
				1FC400D7D1AAF6DC8B0AB9F2 /* Release */,
			);
			defaultConfigurationIsVisible = 0;
			defaultConfigurationName = Debug;
		};
		77C841901DE8581B9BD904DE /* Build configuration list for PBXNativeTarget "PianoTranscriptionKitTests" */ = {
			isa = XCConfigurationList;
			buildConfigurations = (
				35215E949FAB3061C41F5095 /* Debug */,
				E00C4233C819F1FBB1CCCBCE /* Release */,
			);
			defaultConfigurationIsVisible = 0;
			defaultConfigurationName = Debug;
		};
		E441D4F1D9B5FFB41E2A8383 /* Build configuration list for PBXNativeTarget "MacApp" */ = {
			isa = XCConfigurationList;
			buildConfigurations = (
				4366605886270C2B88BED28D /* Debug */,
				B80879888343A09814C8C0CE /* Release */,
			);
			defaultConfigurationIsVisible = 0;
			defaultConfigurationName = Debug;
		};
/* End XCConfigurationList section */
	};
	rootObject = 980AB4412E6C5C2DCFCE05F4 /* Project object */;
}
